
Microsoft Visual Studio Solution File, Format Version 12.00
# Visual Studio Version 16
VisualStudioVersion = 16.0.31410.357
MinimumVisualStudioVersion = 10.0.40219.1
Project("{FAE04EC0-301F-11D3-BF4B-00C04F79EFBC}") = "BendigoTreats.Domain", "BendigoTreats.Domain\BendigoTreats.Domain.csproj", "{0BD39E7D-1347-4305-ABBD-B18E2B843432}"
EndProject
Project("{FAE04EC0-301F-11D3-BF4B-00C04F79EFBC}") = "BendigoTreats.Infrastructure", "BendigoTreats.Infrastructure\BendigoTreats.Infrastructure.csproj", "{5493D480-DEC1-49E4-83EE-4E27D603FBD3}"
EndProject
Project("{FAE04EC0-301F-11D3-BF4B-00C04F79EFBC}") = "BendigoTreats.Web", "BendigoTreats.Web\BendigoTreats.Web.csproj", "{4A588977-00B4-4166-92FC-0A607D404650}"
EndProject
Global
	GlobalSection(SolutionConfigurationPlatforms) = preSolution
		Debug|Any CPU = Debug|Any CPU
		Release|Any CPU = Release|Any CPU
	EndGlobalSection
	GlobalSection(ProjectConfigurationPlatforms) = postSolution
		{0BD39E7D-1347-4305-ABBD-B18E2B843432}.Debug|Any CPU.ActiveCfg = Debug|Any CPU
		{0BD39E7D-1347-4305-ABBD-B18E2B843432}.Debug|Any CPU.Build.0 = Debug|Any CPU
		{0BD39E7D-1347-4305-ABBD-B18E2B843432}.Release|Any CPU.ActiveCfg = Release|Any CPU
		{0BD39E7D-1347-4305-ABBD-B18E2B843432}.Release|Any CPU.Build.0 = Release|Any CPU
		{5493D480-DEC1-49E4-83EE-4E27D603FBD3}.Debug|Any CPU.ActiveCfg = Debug|Any CPU
		{5493D480-DEC1-49E4-83EE-4E27D603FBD3}.Debug|Any CPU.Build.0 = Debug|Any CPU
		{5493D480-DEC1-49E4-83EE-4E27D603FBD3}.Release|Any CPU.ActiveCfg = Release|Any CPU
		{5493D480-DEC1-49E4-83EE-4E27D603FBD3}.Release|Any CPU.Build.0 = Release|Any CPU
		{4A588977-00B4-4166-92FC-0A607D404650}.Debug|Any CPU.ActiveCfg = Debug|Any CPU
		{4A588977-00B4-4166-92FC-0A607D404650}.Debug|Any CPU.Build.0 = Debug|Any CPU
		{4A588977-00B4-4166-92FC-0A607D404650}.Release|Any CPU.ActiveCfg = Release|Any CPU
		{4A588977-00B4-4166-92FC-0A607D404650}.Release|Any CPU.Build.0 = Release|Any CPU
	EndGlobalSection
	GlobalSection(SolutionProperties) = preSolution
		HideSolutionNode = FALSE
	EndGlobalSection
	GlobalSection(ExtensibilityGlobals) = postSolution
		SolutionGuid = {9C593711-67E1-41F7-8A33-16E4742032DB}
	EndGlobalSection
EndGlobal
